{
  "requires": true,
  "lockfileVersion": 1,
  "dependencies": {
    "@types/faker": {
      "version": "4.1.8",
      "resolved": "https://registry.npmjs.org/@types/faker/-/faker-4.1.8.tgz",
      "integrity": "sha512-9ARxZRyXXCMMf8KjYhnD+GHE789HGwIqa1dolCRl/C6ExwvBIUmnIktLeY71TPmFOQiU3DQwrbQEX0pkyqX1tQ=="
    },
    "@types/googlemaps": {
      "version": "3.39.0",
      "resolved": "https://registry.npmjs.org/@types/googlemaps/-/googlemaps-3.39.0.tgz",
      "integrity": "sha512-SiD5JrB5wkA2JvkP7Tn3D+L4F50QXtnQI+J6Y/HnDhfyp0vlB6tNz14BuOOXV1rwP2vnTwE1uqNjfaKXCmuHDg=="
    },
    "faker": {
      "version": "4.1.0",
      "resolved": "https://registry.npmjs.org/faker/-/faker-4.1.0.tgz",
      "integrity": "sha1-HkW7vsxndLPBlfrSg1EJxtdIzD8="
    },
    "typescript": {
      "version": "3.7.4",
      "resolved": "https://registry.npmjs.org/typescript/-/typescript-3.7.4.tgz",
      "integrity": "sha512-A25xv5XCtarLwXpcDNZzCGvW2D1S3/bACratYBx2sax8PefsFhlYmkQicKHvpYflFS8if4zne5zT5kpJ7pzuvw==",
      "dev": true
    }
  }
}
